
Microsoft Visual Studio Solution File, Format Version 12.00
# Visual Studio 14
VisualStudioVersion = 14.0.25123.0
MinimumVisualStudioVersion = 10.0.40219.1
Project("{FAE04EC0-301F-11D3-BF4B-00C04F79EFBC}") = "FourtyFour", "FourtyFour\FourtyFour.csproj", "{96A8B068-E556-4061-85E5-4595E3D81B52}"
EndProject
Global
	GlobalSection(SolutionConfigurationPlatforms) = preSolution
		Debug|x86 = Debug|x86
		Release|x86 = Release|x86
	EndGlobalSection
	GlobalSection(ProjectConfigurationPlatforms) = postSolution
		{96A8B068-E556-4061-85E5-4595E3D81B52}.Debug|x86.ActiveCfg = Debug|x86
		{96A8B068-E556-4061-85E5-4595E3D81B52}.Debug|x86.Build.0 = Debug|x86
		{96A8B068-E556-4061-85E5-4595E3D81B52}.Release|x86.ActiveCfg = Release|x86
		{96A8B068-E556-4061-85E5-4595E3D81B52}.Release|x86.Build.0 = Release|x86
	EndGlobalSection
	GlobalSection(SolutionProperties) = preSolution
		HideSolutionNode = FALSE
	EndGlobalSection
EndGlobal
